
Microsoft Visual Studio Solution File, Format Version 12.00
# Visual Studio Version 17
VisualStudioVersion = 17.0.31903.59
MinimumVisualStudioVersion = 10.0.40219.1
Project("{2150E333-8FDC-42A3-9474-1A3956D46DE8}") = "A", "A", "{7556650D-3847-4F29-AD9B-A32DF123BAE7}"
EndProject
Project("{FAE04EC0-301F-11D3-BF4B-00C04F79EFBC}") = "TShoppingCrawler", "A\TShoppingCrawler\TShoppingCrawler.csproj", "{0F1518C4-DC64-42D0-B28C-ED1878B770BE}"
EndProject
Global
	GlobalSection(SolutionConfigurationPlatforms) = preSolution
		Debug|Any CPU = Debug|Any CPU
		Release|Any CPU = Release|Any CPU
	EndGlobalSection
	GlobalSection(SolutionProperties) = preSolution
		HideSolutionNode = FALSE
	EndGlobalSection
	GlobalSection(ProjectConfigurationPlatforms) = postSolution
		{0F1518C4-DC64-42D0-B28C-ED1878B770BE}.Debug|Any CPU.ActiveCfg = Debug|Any CPU
		{0F1518C4-DC64-42D0-B28C-ED1878B770BE}.Debug|Any CPU.Build.0 = Debug|Any CPU
		{0F1518C4-DC64-42D0-B28C-ED1878B770BE}.Release|Any CPU.ActiveCfg = Release|Any CPU
		{0F1518C4-DC64-42D0-B28C-ED1878B770BE}.Release|Any CPU.Build.0 = Release|Any CPU
	EndGlobalSection
	GlobalSection(NestedProjects) = preSolution
		{0F1518C4-DC64-42D0-B28C-ED1878B770BE} = {7556650D-3847-4F29-AD9B-A32DF123BAE7}
	EndGlobalSection
EndGlobal
